// !$*UTF8*$!
{
	archiveVersion = 1;
	classes = {
	};
	objectVersion = 77;
	objects = {

/* Begin PBXBuildFile section */
		5BA3BBB82D5E6C53008D197B /* GoogleService-Info.plist in Resources */ = {isa = PBXBuildFile; fileRef = 5BA3BBB72D5E6C53008D197B /* GoogleService-Info.plist */; };
		5BA3BBB92D5E6C53008D197B /* GoogleService-Info.plist in Resources */ = {isa = PBXBuildFile; fileRef = 5BA3BBB72D5E6C53008D197B /* GoogleService-Info.plist */; };
		5BA3BBBA2D5E6C53008D197B /* GoogleService-Info.plist in Resources */ = {isa = PBXBuildFile; fileRef = 5BA3BBB72D5E6C53008D197B /* GoogleService-Info.plist */; };
		5BA3BBBD2D5E6CCC008D197B /* FirebaseAnalytics in Frameworks */ = {isa = PBXBuildFile; productRef = 5BA3BBBC2D5E6CCC008D197B /* FirebaseAnalytics */; };
		5BA3BBBF2D5E6CCC008D197B /* FirebaseAnalyticsOnDeviceConversion in Frameworks */ = {isa = PBXBuildFile; productRef = 5BA3BBBE2D5E6CCC008D197B /* FirebaseAnalyticsOnDeviceConversion */; };
		5BA3BBC12D5E6CCC008D197B /* FirebaseAnalyticsWithoutAdIdSupport in Frameworks */ = {isa = PBXBuildFile; productRef = 5BA3BBC02D5E6CCC008D197B /* FirebaseAnalyticsWithoutAdIdSupport */; };
		5BA3BBC32D5E6CCC008D197B /* FirebaseAppCheck in Frameworks */ = {isa = PBXBuildFile; productRef = 5BA3BBC22D5E6CCC008D197B /* FirebaseAppCheck */; };
		5BA3BBC52D5E6CCC008D197B /* FirebaseAppDistribution-Beta in Frameworks */ = {isa = PBXBuildFile; productRef = 5BA3BBC42D5E6CCC008D197B /* FirebaseAppDistribution-Beta */; };
		5BA3BBC72D5E6CCC008D197B /* FirebaseAuth in Frameworks */ = {isa = PBXBuildFile; productRef = 5BA3BBC62D5E6CCC008D197B /* FirebaseAuth */; };
		5BA3BBC92D5E6CCC008D197B /* FirebaseAuthCombine-Community in Frameworks */ = {isa = PBXBuildFile; productRef = 5BA3BBC82D5E6CCC008D197B /* FirebaseAuthCombine-Community */; };
		5BA3BBCB2D5E6CCC008D197B /* FirebaseCore in Frameworks */ = {isa = PBXBuildFile; productRef = 5BA3BBCA2D5E6CCC008D197B /* FirebaseCore */; };
		5BA3BBCD2D5E6CCC008D197B /* FirebaseCrashlytics in Frameworks */ = {isa = PBXBuildFile; productRef = 5BA3BBCC2D5E6CCC008D197B /* FirebaseCrashlytics */; };
		5BA3BBCF2D5E6CCC008D197B /* FirebaseDatabase in Frameworks */ = {isa = PBXBuildFile; productRef = 5BA3BBCE2D5E6CCC008D197B /* FirebaseDatabase */; };
		5BA3BBD12D5E6CCC008D197B /* FirebaseDynamicLinks in Frameworks */ = {isa = PBXBuildFile; productRef = 5BA3BBD02D5E6CCC008D197B /* FirebaseDynamicLinks */; };
		5BA3BBD32D5E6CCC008D197B /* FirebaseFirestore in Frameworks */ = {isa = PBXBuildFile; productRef = 5BA3BBD22D5E6CCC008D197B /* FirebaseFirestore */; };
		5BA3BBD52D5E6CCC008D197B /* FirebaseFirestoreCombine-Community in Frameworks */ = {isa = PBXBuildFile; productRef = 5BA3BBD42D5E6CCC008D197B /* FirebaseFirestoreCombine-Community */; };
		5BA3BBD72D5E6CCC008D197B /* FirebaseFunctions in Frameworks */ = {isa = PBXBuildFile; productRef = 5BA3BBD62D5E6CCC008D197B /* FirebaseFunctions */; };
		5BA3BBD92D5E6CCC008D197B /* FirebaseFunctionsCombine-Community in Frameworks */ = {isa = PBXBuildFile; productRef = 5BA3BBD82D5E6CCC008D197B /* FirebaseFunctionsCombine-Community */; };
		5BA3BBDB2D5E6CCC008D197B /* FirebaseInAppMessaging-Beta in Frameworks */ = {isa = PBXBuildFile; productRef = 5BA3BBDA2D5E6CCC008D197B /* FirebaseInAppMessaging-Beta */; };
		5BA3BBDD2D5E6CCC008D197B /* FirebaseInstallations in Frameworks */ = {isa = PBXBuildFile; productRef = 5BA3BBDC2D5E6CCC008D197B /* FirebaseInstallations */; };
		5BA3BBDF2D5E6CCC008D197B /* FirebaseMLModelDownloader in Frameworks */ = {isa = PBXBuildFile; productRef = 5BA3BBDE2D5E6CCC008D197B /* FirebaseMLModelDownloader */; };
		5BA3BBE12D5E6CCC008D197B /* FirebaseMessaging in Frameworks */ = {isa = PBXBuildFile; productRef = 5BA3BBE02D5E6CCC008D197B /* FirebaseMessaging */; };
		5BA3BBE32D5E6CCC008D197B /* FirebasePerformance in Frameworks */ = {isa = PBXBuildFile; productRef = 5BA3BBE22D5E6CCC008D197B /* FirebasePerformance */; };
		5BA3BBE52D5E6CCC008D197B /* FirebaseRemoteConfig in Frameworks */ = {isa = PBXBuildFile; productRef = 5BA3BBE42D5E6CCC008D197B /* FirebaseRemoteConfig */; };
		5BA3BBE72D5E6CCC008D197B /* FirebaseStorage in Frameworks */ = {isa = PBXBuildFile; productRef = 5BA3BBE62D5E6CCC008D197B /* FirebaseStorage */; };
		5BA3BBE92D5E6CCC008D197B /* FirebaseStorageCombine-Community in Frameworks */ = {isa = PBXBuildFile; productRef = 5BA3BBE82D5E6CCC008D197B /* FirebaseStorageCombine-Community */; };
		5BA3BBEB2D5E6CCC008D197B /* FirebaseVertexAI in Frameworks */ = {isa = PBXBuildFile; productRef = 5BA3BBEA2D5E6CCC008D197B /* FirebaseVertexAI */; };
/* End PBXBuildFile section */

/* Begin PBXContainerItemProxy section */
		7F5A3D7C2D52A677007BB24F /* PBXContainerItemProxy */ = {
			isa = PBXContainerItemProxy;
			containerPortal = 7F5A3D632D52A675007BB24F /* Project object */;
			proxyType = 1;
			remoteGlobalIDString = 7F5A3D6A2D52A675007BB24F;
			remoteInfo = ARchitect;
		};
		7F5A3D862D52A677007BB24F /* PBXContainerItemProxy */ = {
			isa = PBXContainerItemProxy;
			containerPortal = 7F5A3D632D52A675007BB24F /* Project object */;
			proxyType = 1;
			remoteGlobalIDString = 7F5A3D6A2D52A675007BB24F;
			remoteInfo = ARchitect;
		};
/* End PBXContainerItemProxy section */

/* Begin PBXFileReference section */
		5BA3BBB72D5E6C53008D197B /* GoogleService-Info.plist */ = {isa = PBXFileReference; lastKnownFileType = text.plist.xml; path = "GoogleService-Info.plist"; sourceTree = "<group>"; };
		7F5A3D6B2D52A675007BB24F /* ARchitect.app */ = {isa = PBXFileReference; explicitFileType = wrapper.application; includeInIndex = 0; path = ARchitect.app; sourceTree = BUILT_PRODUCTS_DIR; };
		7F5A3D7B2D52A677007BB24F /* ARchitectTests.xctest */ = {isa = PBXFileReference; explicitFileType = wrapper.cfbundle; includeInIndex = 0; path = ARchitectTests.xctest; sourceTree = BUILT_PRODUCTS_DIR; };
		7F5A3D852D52A677007BB24F /* ARchitectUITests.xctest */ = {isa = PBXFileReference; explicitFileType = wrapper.cfbundle; includeInIndex = 0; path = ARchitectUITests.xctest; sourceTree = BUILT_PRODUCTS_DIR; };
/* End PBXFileReference section */

/* Begin PBXFileSystemSynchronizedBuildFileExceptionSet section */
		6BD3C0042D5E855500FEE538 /* Exceptions for "ARchitect" folder in "ARchitectTests" target */ = {
			isa = PBXFileSystemSynchronizedBuildFileExceptionSet;
			membershipExceptions = (
				GreyCouch.usdz,
				"modern chair.usdz",
			);
			target = 7F5A3D7A2D52A677007BB24F /* ARchitectTests */;
		};
		6BD3C0052D5E855500FEE538 /* Exceptions for "ARchitect" folder in "ARchitectUITests" target */ = {
			isa = PBXFileSystemSynchronizedBuildFileExceptionSet;
			membershipExceptions = (
				GreyCouch.usdz,
				"modern chair.usdz",
			);
			target = 7F5A3D842D52A677007BB24F /* ARchitectUITests */;
		};
/* End PBXFileSystemSynchronizedBuildFileExceptionSet section */

/* Begin PBXFileSystemSynchronizedRootGroup section */
		7F5A3D6D2D52A675007BB24F /* ARchitect */ = {
			isa = PBXFileSystemSynchronizedRootGroup;
			exceptions = (
				6BD3C0042D5E855500FEE538 /* Exceptions for "ARchitect" folder in "ARchitectTests" target */,
				6BD3C0052D5E855500FEE538 /* Exceptions for "ARchitect" folder in "ARchitectUITests" target */,
			);
			path = ARchitect;
			sourceTree = "<group>";
		};
		7F5A3D7E2D52A677007BB24F /* ARchitectTests */ = {
			isa = PBXFileSystemSynchronizedRootGroup;
			path = ARchitectTests;
			sourceTree = "<group>";
		};
		7F5A3D882D52A677007BB24F /* ARchitectUITests */ = {
			isa = PBXFileSystemSynchronizedRootGroup;
			path = ARchitectUITests;
			sourceTree = "<group>";
		};
/* End PBXFileSystemSynchronizedRootGroup section */

/* Begin PBXFrameworksBuildPhase section */
		7F5A3D682D52A675007BB24F /* Frameworks */ = {
			isa = PBXFrameworksBuildPhase;
			buildActionMask = 2147483647;
			files = (
				5BA3BBD52D5E6CCC008D197B /* FirebaseFirestoreCombine-Community in Frameworks */,
				5BA3BBEB2D5E6CCC008D197B /* FirebaseVertexAI in Frameworks */,
				5BA3BBD72D5E6CCC008D197B /* FirebaseFunctions in Frameworks */,
				5BA3BBE32D5E6CCC008D197B /* FirebasePerformance in Frameworks */,
				5BA3BBE92D5E6CCC008D197B /* FirebaseStorageCombine-Community in Frameworks */,
				5BA3BBE52D5E6CCC008D197B /* FirebaseRemoteConfig in Frameworks */,
				5BA3BBCF2D5E6CCC008D197B /* FirebaseDatabase in Frameworks */,
				5BA3BBD12D5E6CCC008D197B /* FirebaseDynamicLinks in Frameworks */,
				5BA3BBC32D5E6CCC008D197B /* FirebaseAppCheck in Frameworks */,
				5BA3BBC72D5E6CCC008D197B /* FirebaseAuth in Frameworks */,
				5BA3BBBD2D5E6CCC008D197B /* FirebaseAnalytics in Frameworks */,
				5BA3BBD32D5E6CCC008D197B /* FirebaseFirestore in Frameworks */,
				5BA3BBE12D5E6CCC008D197B /* FirebaseMessaging in Frameworks */,
				5BA3BBDD2D5E6CCC008D197B /* FirebaseInstallations in Frameworks */,
				5BA3BBD92D5E6CCC008D197B /* FirebaseFunctionsCombine-Community in Frameworks */,
				5BA3BBC52D5E6CCC008D197B /* FirebaseAppDistribution-Beta in Frameworks */,
				5BA3BBC12D5E6CCC008D197B /* FirebaseAnalyticsWithoutAdIdSupport in Frameworks */,
				5BA3BBDB2D5E6CCC008D197B /* FirebaseInAppMessaging-Beta in Frameworks */,
				5BA3BBC92D5E6CCC008D197B /* FirebaseAuthCombine-Community in Frameworks */,
				5BA3BBCD2D5E6CCC008D197B /* FirebaseCrashlytics in Frameworks */,
				5BA3BBDF2D5E6CCC008D197B /* FirebaseMLModelDownloader in Frameworks */,
				5BA3BBE72D5E6CCC008D197B /* FirebaseStorage in Frameworks */,
				5BA3BBCB2D5E6CCC008D197B /* FirebaseCore in Frameworks */,
				5BA3BBBF2D5E6CCC008D197B /* FirebaseAnalyticsOnDeviceConversion in Frameworks */,
			);
			runOnlyForDeploymentPostprocessing = 0;
		};
		7F5A3D782D52A677007BB24F /* Frameworks */ = {
			isa = PBXFrameworksBuildPhase;
			buildActionMask = 2147483647;
			files = (
			);
			runOnlyForDeploymentPostprocessing = 0;
		};
		7F5A3D822D52A677007BB24F /* Frameworks */ = {
			isa = PBXFrameworksBuildPhase;
			buildActionMask = 2147483647;
			files = (
			);
			runOnlyForDeploymentPostprocessing = 0;
		};
/* End PBXFrameworksBuildPhase section */

/* Begin PBXGroup section */
		7F5A3D622D52A675007BB24F = {
			isa = PBXGroup;
			children = (
				5BA3BBB72D5E6C53008D197B /* GoogleService-Info.plist */,
				7F5A3D6D2D52A675007BB24F /* ARchitect */,
				7F5A3D7E2D52A677007BB24F /* ARchitectTests */,
				7F5A3D882D52A677007BB24F /* ARchitectUITests */,
				7F5A3D6C2D52A675007BB24F /* Products */,
			);
			sourceTree = "<group>";
		};
		7F5A3D6C2D52A675007BB24F /* Products */ = {
			isa = PBXGroup;
			children = (
				7F5A3D6B2D52A675007BB24F /* ARchitect.app */,
				7F5A3D7B2D52A677007BB24F /* ARchitectTests.xctest */,
				7F5A3D852D52A677007BB24F /* ARchitectUITests.xctest */,
			);
			name = Products;
			sourceTree = "<group>";
		};
/* End PBXGroup section */

/* Begin PBXNativeTarget section */
		7F5A3D6A2D52A675007BB24F /* ARchitect */ = {
			isa = PBXNativeTarget;
			buildConfigurationList = 7F5A3D8F2D52A677007BB24F /* Build configuration list for PBXNativeTarget "ARchitect" */;
			buildPhases = (
				7F5A3D672D52A675007BB24F /* Sources */,
				7F5A3D682D52A675007BB24F /* Frameworks */,
				7F5A3D692D52A675007BB24F /* Resources */,
			);
			buildRules = (
			);
			dependencies = (
			);
			fileSystemSynchronizedGroups = (
				7F5A3D6D2D52A675007BB24F /* ARchitect */,
			);
			name = ARchitect;
			packageProductDependencies = (
				5BA3BBBC2D5E6CCC008D197B /* FirebaseAnalytics */,
				5BA3BBBE2D5E6CCC008D197B /* FirebaseAnalyticsOnDeviceConversion */,
				5BA3BBC02D5E6CCC008D197B /* FirebaseAnalyticsWithoutAdIdSupport */,
				5BA3BBC22D5E6CCC008D197B /* FirebaseAppCheck */,
				5BA3BBC42D5E6CCC008D197B /* FirebaseAppDistribution-Beta */,
				5BA3BBC62D5E6CCC008D197B /* FirebaseAuth */,
				5BA3BBC82D5E6CCC008D197B /* FirebaseAuthCombine-Community */,
				5BA3BBCA2D5E6CCC008D197B /* FirebaseCore */,
				5BA3BBCC2D5E6CCC008D197B /* FirebaseCrashlytics */,
				5BA3BBCE2D5E6CCC008D197B /* FirebaseDatabase */,
				5BA3BBD02D5E6CCC008D197B /* FirebaseDynamicLinks */,
				5BA3BBD22D5E6CCC008D197B /* FirebaseFirestore */,
				5BA3BBD42D5E6CCC008D197B /* FirebaseFirestoreCombine-Community */,
				5BA3BBD62D5E6CCC008D197B /* FirebaseFunctions */,
				5BA3BBD82D5E6CCC008D197B /* FirebaseFunctionsCombine-Community */,
				5BA3BBDA2D5E6CCC008D197B /* FirebaseInAppMessaging-Beta */,
				5BA3BBDC2D5E6CCC008D197B /* FirebaseInstallations */,
				5BA3BBDE2D5E6CCC008D197B /* FirebaseMLModelDownloader */,
				5BA3BBE02D5E6CCC008D197B /* FirebaseMessaging */,
				5BA3BBE22D5E6CCC008D197B /* FirebasePerformance */,
				5BA3BBE42D5E6CCC008D197B /* FirebaseRemoteConfig */,
				5BA3BBE62D5E6CCC008D197B /* FirebaseStorage */,
				5BA3BBE82D5E6CCC008D197B /* FirebaseStorageCombine-Community */,
				5BA3BBEA2D5E6CCC008D197B /* FirebaseVertexAI */,
			);
			productName = ARchitect;
			productReference = 7F5A3D6B2D52A675007BB24F /* ARchitect.app */;
			productType = "com.apple.product-type.application";
		};
		7F5A3D7A2D52A677007BB24F /* ARchitectTests */ = {
			isa = PBXNativeTarget;
			buildConfigurationList = 7F5A3D922D52A677007BB24F /* Build configuration list for PBXNativeTarget "ARchitectTests" */;
			buildPhases = (
				7F5A3D772D52A677007BB24F /* Sources */,
				7F5A3D782D52A677007BB24F /* Frameworks */,
				7F5A3D792D52A677007BB24F /* Resources */,
			);
			buildRules = (
			);
			dependencies = (
				7F5A3D7D2D52A677007BB24F /* PBXTargetDependency */,
			);
			fileSystemSynchronizedGroups = (
				7F5A3D7E2D52A677007BB24F /* ARchitectTests */,
			);
			name = ARchitectTests;
			packageProductDependencies = (
			);
			productName = ARchitectTests;
			productReference = 7F5A3D7B2D52A677007BB24F /* ARchitectTests.xctest */;
			productType = "com.apple.product-type.bundle.unit-test";
		};
		7F5A3D842D52A677007BB24F /* ARchitectUITests */ = {
			isa = PBXNativeTarget;
			buildConfigurationList = 7F5A3D952D52A677007BB24F /* Build configuration list for PBXNativeTarget "ARchitectUITests" */;
			buildPhases = (
				7F5A3D812D52A677007BB24F /* Sources */,
				7F5A3D822D52A677007BB24F /* Frameworks */,
				7F5A3D832D52A677007BB24F /* Resources */,
			);
			buildRules = (
			);
			dependencies = (
				7F5A3D872D52A677007BB24F /* PBXTargetDependency */,
			);
			fileSystemSynchronizedGroups = (
				7F5A3D882D52A677007BB24F /* ARchitectUITests */,
			);
			name = ARchitectUITests;
			packageProductDependencies = (
			);
			productName = ARchitectUITests;
			productReference = 7F5A3D852D52A677007BB24F /* ARchitectUITests.xctest */;
			productType = "com.apple.product-type.bundle.ui-testing";
		};
/* End PBXNativeTarget section */

/* Begin PBXProject section */
		7F5A3D632D52A675007BB24F /* Project object */ = {
			isa = PBXProject;
			attributes = {
				BuildIndependentTargetsInParallel = 1;
				LastSwiftUpdateCheck = 1620;
				LastUpgradeCheck = 1620;
				TargetAttributes = {
					7F5A3D6A2D52A675007BB24F = {
						CreatedOnToolsVersion = 16.2;
					};
					7F5A3D7A2D52A677007BB24F = {
						CreatedOnToolsVersion = 16.2;
						TestTargetID = 7F5A3D6A2D52A675007BB24F;
					};
					7F5A3D842D52A677007BB24F = {
						CreatedOnToolsVersion = 16.2;
						TestTargetID = 7F5A3D6A2D52A675007BB24F;
					};
				};
			};
			buildConfigurationList = 7F5A3D662D52A675007BB24F /* Build configuration list for PBXProject "ARchitect" */;
			developmentRegion = en;
			hasScannedForEncodings = 0;
			knownRegions = (
				en,
				Base,
			);
			mainGroup = 7F5A3D622D52A675007BB24F;
			minimizedProjectReferenceProxies = 1;
			packageReferences = (
				5BA3BBBB2D5E6CCC008D197B /* XCRemoteSwiftPackageReference "firebase-ios-sdk" */,
			);
			preferredProjectObjectVersion = 77;
			productRefGroup = 7F5A3D6C2D52A675007BB24F /* Products */;
			projectDirPath = "";
			projectRoot = "";
			targets = (
				7F5A3D6A2D52A675007BB24F /* ARchitect */,
				7F5A3D7A2D52A677007BB24F /* ARchitectTests */,
				7F5A3D842D52A677007BB24F /* ARchitectUITests */,
			);
		};
/* End PBXProject section */

/* Begin PBXResourcesBuildPhase section */
		7F5A3D692D52A675007BB24F /* Resources */ = {
			isa = PBXResourcesBuildPhase;
			buildActionMask = 2147483647;
			files = (
				5BA3BBB82D5E6C53008D197B /* GoogleService-Info.plist in Resources */,
			);
			runOnlyForDeploymentPostprocessing = 0;
		};
		7F5A3D792D52A677007BB24F /* Resources */ = {
			isa = PBXResourcesBuildPhase;
			buildActionMask = 2147483647;
			files = (
				5BA3BBB92D5E6C53008D197B /* GoogleService-Info.plist in Resources */,
			);
			runOnlyForDeploymentPostprocessing = 0;
		};
		7F5A3D832D52A677007BB24F /* Resources */ = {
			isa = PBXResourcesBuildPhase;
			buildActionMask = 2147483647;
			files = (
				5BA3BBBA2D5E6C53008D197B /* GoogleService-Info.plist in Resources */,
			);
			runOnlyForDeploymentPostprocessing = 0;
		};
/* End PBXResourcesBuildPhase section */

/* Begin PBXSourcesBuildPhase section */
		7F5A3D672D52A675007BB24F /* Sources */ = {
			isa = PBXSourcesBuildPhase;
			buildActionMask = 2147483647;
			files = (
			);
			runOnlyForDeploymentPostprocessing = 0;
		};
		7F5A3D772D52A677007BB24F /* Sources */ = {
			isa = PBXSourcesBuildPhase;
			buildActionMask = 2147483647;
			files = (
			);
			runOnlyForDeploymentPostprocessing = 0;
		};
		7F5A3D812D52A677007BB24F /* Sources */ = {
			isa = PBXSourcesBuildPhase;
			buildActionMask = 2147483647;
			files = (
			);
			runOnlyForDeploymentPostprocessing = 0;
		};
/* End PBXSourcesBuildPhase section */

/* Begin PBXTargetDependency section */
		7F5A3D7D2D52A677007BB24F /* PBXTargetDependency */ = {
			isa = PBXTargetDependency;
			target = 7F5A3D6A2D52A675007BB24F /* ARchitect */;
			targetProxy = 7F5A3D7C2D52A677007BB24F /* PBXContainerItemProxy */;
		};
		7F5A3D872D52A677007BB24F /* PBXTargetDependency */ = {
			isa = PBXTargetDependency;
			target = 7F5A3D6A2D52A675007BB24F /* ARchitect */;
			targetProxy = 7F5A3D862D52A677007BB24F /* PBXContainerItemProxy */;
		};
/* End PBXTargetDependency section */

/* Begin XCBuildConfiguration section */
		7F5A3D8D2D52A677007BB24F /* Debug */ = {
			isa = XCBuildConfiguration;
			buildSettings = {
				ALWAYS_SEARCH_USER_PATHS = NO;
				ASSETCATALOG_COMPILER_GENERATE_SWIFT_ASSET_SYMBOL_EXTENSIONS = YES;
				CLANG_ANALYZER_NONNULL = YES;
				CLANG_ANALYZER_NUMBER_OBJECT_CONVERSION = YES_AGGRESSIVE;
				CLANG_CXX_LANGUAGE_STANDARD = "gnu++20";
				CLANG_ENABLE_MODULES = YES;
				CLANG_ENABLE_OBJC_ARC = YES;
				CLANG_ENABLE_OBJC_WEAK = YES;
				CLANG_WARN_BLOCK_CAPTURE_AUTORELEASING = YES;
				CLANG_WARN_BOOL_CONVERSION = YES;
				CLANG_WARN_COMMA = YES;
				CLANG_WARN_CONSTANT_CONVERSION = YES;
				CLANG_WARN_DEPRECATED_OBJC_IMPLEMENTATIONS = YES;
				CLANG_WARN_DIRECT_OBJC_ISA_USAGE = YES_ERROR;
				CLANG_WARN_DOCUMENTATION_COMMENTS = YES;
				CLANG_WARN_EMPTY_BODY = YES;
				CLANG_WARN_ENUM_CONVERSION = YES;
				CLANG_WARN_INFINITE_RECURSION = YES;
				CLANG_WARN_INT_CONVERSION = YES;
				CLANG_WARN_NON_LITERAL_NULL_CONVERSION = YES;
				CLANG_WARN_OBJC_IMPLICIT_RETAIN_SELF = YES;
				CLANG_WARN_OBJC_LITERAL_CONVERSION = YES;
				CLANG_WARN_OBJC_ROOT_CLASS = YES_ERROR;
				CLANG_WARN_QUOTED_INCLUDE_IN_FRAMEWORK_HEADER = YES;
				CLANG_WARN_RANGE_LOOP_ANALYSIS = YES;
				CLANG_WARN_STRICT_PROTOTYPES = YES;
				CLANG_WARN_SUSPICIOUS_MOVE = YES;
				CLANG_WARN_UNGUARDED_AVAILABILITY = YES_AGGRESSIVE;
				CLANG_WARN_UNREACHABLE_CODE = YES;
				CLANG_WARN__DUPLICATE_METHOD_MATCH = YES;
				COPY_PHASE_STRIP = NO;
				DEBUG_INFORMATION_FORMAT = dwarf;
				ENABLE_STRICT_OBJC_MSGSEND = YES;
				ENABLE_TESTABILITY = YES;
				ENABLE_USER_SCRIPT_SANDBOXING = YES;
				GCC_C_LANGUAGE_STANDARD = gnu17;
				GCC_DYNAMIC_NO_PIC = NO;
				GCC_NO_COMMON_BLOCKS = YES;
				GCC_OPTIMIZATION_LEVEL = 0;
				GCC_PREPROCESSOR_DEFINITIONS = (
					"DEBUG=1",
					"$(inherited)",
				);
				GCC_WARN_64_TO_32_BIT_CONVERSION = YES;
				GCC_WARN_ABOUT_RETURN_TYPE = YES_ERROR;
				GCC_WARN_UNDECLARED_SELECTOR = YES;
				GCC_WARN_UNINITIALIZED_AUTOS = YES_AGGRESSIVE;
				GCC_WARN_UNUSED_FUNCTION = YES;
				GCC_WARN_UNUSED_VARIABLE = YES;
				IPHONEOS_DEPLOYMENT_TARGET = 18.2;
				LOCALIZATION_PREFERS_STRING_CATALOGS = YES;
				MTL_ENABLE_DEBUG_INFO = INCLUDE_SOURCE;
				MTL_FAST_MATH = YES;
				ONLY_ACTIVE_ARCH = YES;
				SDKROOT = iphoneos;
				SWIFT_ACTIVE_COMPILATION_CONDITIONS = "DEBUG $(inherited)";
				SWIFT_OPTIMIZATION_LEVEL = "-Onone";
			};
			name = Debug;
		};
		7F5A3D8E2D52A677007BB24F /* Release */ = {
			isa = XCBuildConfiguration;
			buildSettings = {
				ALWAYS_SEARCH_USER_PATHS = NO;
				ASSETCATALOG_COMPILER_GENERATE_SWIFT_ASSET_SYMBOL_EXTENSIONS = YES;
				CLANG_ANALYZER_NONNULL = YES;
				CLANG_ANALYZER_NUMBER_OBJECT_CONVERSION = YES_AGGRESSIVE;
				CLANG_CXX_LANGUAGE_STANDARD = "gnu++20";
				CLANG_ENABLE_MODULES = YES;
				CLANG_ENABLE_OBJC_ARC = YES;
				CLANG_ENABLE_OBJC_WEAK = YES;
				CLANG_WARN_BLOCK_CAPTURE_AUTORELEASING = YES;
				CLANG_WARN_BOOL_CONVERSION = YES;
				CLANG_WARN_COMMA = YES;
				CLANG_WARN_CONSTANT_CONVERSION = YES;
				CLANG_WARN_DEPRECATED_OBJC_IMPLEMENTATIONS = YES;
				CLANG_WARN_DIRECT_OBJC_ISA_USAGE = YES_ERROR;
				CLANG_WARN_DOCUMENTATION_COMMENTS = YES;
				CLANG_WARN_EMPTY_BODY = YES;
				CLANG_WARN_ENUM_CONVERSION = YES;
				CLANG_WARN_INFINITE_RECURSION = YES;
				CLANG_WARN_INT_CONVERSION = YES;
				CLANG_WARN_NON_LITERAL_NULL_CONVERSION = YES;
				CLANG_WARN_OBJC_IMPLICIT_RETAIN_SELF = YES;
				CLANG_WARN_OBJC_LITERAL_CONVERSION = YES;
				CLANG_WARN_OBJC_ROOT_CLASS = YES_ERROR;
				CLANG_WARN_QUOTED_INCLUDE_IN_FRAMEWORK_HEADER = YES;
				CLANG_WARN_RANGE_LOOP_ANALYSIS = YES;
				CLANG_WARN_STRICT_PROTOTYPES = YES;
				CLANG_WARN_SUSPICIOUS_MOVE = YES;
				CLANG_WARN_UNGUARDED_AVAILABILITY = YES_AGGRESSIVE;
				CLANG_WARN_UNREACHABLE_CODE = YES;
				CLANG_WARN__DUPLICATE_METHOD_MATCH = YES;
				COPY_PHASE_STRIP = NO;
				DEBUG_INFORMATION_FORMAT = "dwarf-with-dsym";
				ENABLE_NS_ASSERTIONS = NO;
				ENABLE_STRICT_OBJC_MSGSEND = YES;
				ENABLE_USER_SCRIPT_SANDBOXING = YES;
				GCC_C_LANGUAGE_STANDARD = gnu17;
				GCC_NO_COMMON_BLOCKS = YES;
				GCC_WARN_64_TO_32_BIT_CONVERSION = YES;
				GCC_WARN_ABOUT_RETURN_TYPE = YES_ERROR;
				GCC_WARN_UNDECLARED_SELECTOR = YES;
				GCC_WARN_UNINITIALIZED_AUTOS = YES_AGGRESSIVE;
				GCC_WARN_UNUSED_FUNCTION = YES;
				GCC_WARN_UNUSED_VARIABLE = YES;
				IPHONEOS_DEPLOYMENT_TARGET = 18.2;
				LOCALIZATION_PREFERS_STRING_CATALOGS = YES;
				MTL_ENABLE_DEBUG_INFO = NO;
				MTL_FAST_MATH = YES;
				SDKROOT = iphoneos;
				SWIFT_COMPILATION_MODE = wholemodule;
				VALIDATE_PRODUCT = YES;
			};
			name = Release;
		};
		7F5A3D902D52A677007BB24F /* Debug */ = {
			isa = XCBuildConfiguration;
			buildSettings = {
				ASSETCATALOG_COMPILER_APPICON_NAME = AppIcon;
				ASSETCATALOG_COMPILER_GLOBAL_ACCENT_COLOR_NAME = AccentColor;
				CODE_SIGN_STYLE = Automatic;
				CURRENT_PROJECT_VERSION = 1;
				DEVELOPMENT_ASSET_PATHS = "\"ARchitect/Preview Content\"";
				DEVELOPMENT_TEAM = 76U5H7M5S5;
				ENABLE_PREVIEWS = YES;
				GENERATE_INFOPLIST_FILE = YES;
				INFOPLIST_KEY_NSCameraUsageDescription = "";
				INFOPLIST_KEY_UIApplicationSupportsIndirectInputEvents = YES;
				INFOPLIST_KEY_UILaunchScreen_Generation = YES;
				INFOPLIST_KEY_UIRequiredDeviceCapabilities = arkit;
				INFOPLIST_KEY_UIStatusBarHidden = YES;
				INFOPLIST_KEY_UISupportedInterfaceOrientations_iPad = "UIInterfaceOrientationPortrait UIInterfaceOrientationPortraitUpsideDown UIInterfaceOrientationLandscapeLeft UIInterfaceOrientationLandscapeRight";
				INFOPLIST_KEY_UISupportedInterfaceOrientations_iPhone = "UIInterfaceOrientationPortrait UIInterfaceOrientationLandscapeLeft UIInterfaceOrientationLandscapeRight";
				LD_RUNPATH_SEARCH_PATHS = (
					"$(inherited)",
					"@executable_path/Frameworks",
				);
				MARKETING_VERSION = 1.0;
				PRODUCT_BUNDLE_IDENTIFIER = IOSClub.ARchitect;
				PRODUCT_NAME = "$(TARGET_NAME)";
				SWIFT_EMIT_LOC_STRINGS = YES;
				SWIFT_VERSION = 5.0;
				TARGETED_DEVICE_FAMILY = "1,2";
			};
			name = Debug;
		};
		7F5A3D912D52A677007BB24F /* Release */ = {
			isa = XCBuildConfiguration;
			buildSettings = {
				ASSETCATALOG_COMPILER_APPICON_NAME = AppIcon;
				ASSETCATALOG_COMPILER_GLOBAL_ACCENT_COLOR_NAME = AccentColor;
				CODE_SIGN_STYLE = Automatic;
				CURRENT_PROJECT_VERSION = 1;
				DEVELOPMENT_ASSET_PATHS = "\"ARchitect/Preview Content\"";
				DEVELOPMENT_TEAM = 76U5H7M5S5;
				ENABLE_PREVIEWS = YES;
				GENERATE_INFOPLIST_FILE = YES;
				INFOPLIST_KEY_NSCameraUsageDescription = "";
				INFOPLIST_KEY_UIApplicationSupportsIndirectInputEvents = YES;
				INFOPLIST_KEY_UILaunchScreen_Generation = YES;
				INFOPLIST_KEY_UIRequiredDeviceCapabilities = arkit;
				INFOPLIST_KEY_UIStatusBarHidden = YES;
				INFOPLIST_KEY_UISupportedInterfaceOrientations_iPad = "UIInterfaceOrientationPortrait UIInterfaceOrientationPortraitUpsideDown UIInterfaceOrientationLandscapeLeft UIInterfaceOrientationLandscapeRight";
				INFOPLIST_KEY_UISupportedInterfaceOrientations_iPhone = "UIInterfaceOrientationPortrait UIInterfaceOrientationLandscapeLeft UIInterfaceOrientationLandscapeRight";
				LD_RUNPATH_SEARCH_PATHS = (
					"$(inherited)",
					"@executable_path/Frameworks",
				);
				MARKETING_VERSION = 1.0;
				PRODUCT_BUNDLE_IDENTIFIER = IOSClub.ARchitect;
				PRODUCT_NAME = "$(TARGET_NAME)";
				SWIFT_EMIT_LOC_STRINGS = YES;
				SWIFT_VERSION = 5.0;
				TARGETED_DEVICE_FAMILY = "1,2";
			};
			name = Release;
		};
		7F5A3D932D52A677007BB24F /* Debug */ = {
			isa = XCBuildConfiguration;
			buildSettings = {
				BUNDLE_LOADER = "$(TEST_HOST)";
				CODE_SIGN_STYLE = Automatic;
				CURRENT_PROJECT_VERSION = 1;
				DEVELOPMENT_TEAM = 575PRHZ9KY;
				GENERATE_INFOPLIST_FILE = YES;
				IPHONEOS_DEPLOYMENT_TARGET = 18.2;
				MARKETING_VERSION = 1.0;
				PRODUCT_BUNDLE_IDENTIFIER = com.songyuanliu.ARchitectTests;
				PRODUCT_NAME = "$(TARGET_NAME)";
				SWIFT_EMIT_LOC_STRINGS = NO;
				SWIFT_VERSION = 5.0;
				TARGETED_DEVICE_FAMILY = "1,2";
				TEST_HOST = "$(BUILT_PRODUCTS_DIR)/ARchitect.app/$(BUNDLE_EXECUTABLE_FOLDER_PATH)/ARchitect";
			};
			name = Debug;
		};
		7F5A3D942D52A677007BB24F /* Release */ = {
			isa = XCBuildConfiguration;
			buildSettings = {
				BUNDLE_LOADER = "$(TEST_HOST)";
				CODE_SIGN_STYLE = Automatic;
				CURRENT_PROJECT_VERSION = 1;
				DEVELOPMENT_TEAM = 575PRHZ9KY;
				GENERATE_INFOPLIST_FILE = YES;
				IPHONEOS_DEPLOYMENT_TARGET = 18.2;
				MARKETING_VERSION = 1.0;
				PRODUCT_BUNDLE_IDENTIFIER = com.songyuanliu.ARchitectTests;
				PRODUCT_NAME = "$(TARGET_NAME)";
				SWIFT_EMIT_LOC_STRINGS = NO;
				SWIFT_VERSION = 5.0;
				TARGETED_DEVICE_FAMILY = "1,2";
				TEST_HOST = "$(BUILT_PRODUCTS_DIR)/ARchitect.app/$(BUNDLE_EXECUTABLE_FOLDER_PATH)/ARchitect";
			};
			name = Release;
		};
		7F5A3D962D52A677007BB24F /* Debug */ = {
			isa = XCBuildConfiguration;
			buildSettings = {
				CODE_SIGN_STYLE = Automatic;
				CURRENT_PROJECT_VERSION = 1;
				DEVELOPMENT_TEAM = 575PRHZ9KY;
				GENERATE_INFOPLIST_FILE = YES;
				MARKETING_VERSION = 1.0;
				PRODUCT_BUNDLE_IDENTIFIER = com.songyuanliu.ARchitectUITests;
				PRODUCT_NAME = "$(TARGET_NAME)";
				SWIFT_EMIT_LOC_STRINGS = NO;
				SWIFT_VERSION = 5.0;
				TARGETED_DEVICE_FAMILY = "1,2";
				TEST_TARGET_NAME = ARchitect;
			};
			name = Debug;
		};
		7F5A3D972D52A677007BB24F /* Release */ = {
			isa = XCBuildConfiguration;
			buildSettings = {
				CODE_SIGN_STYLE = Automatic;
				CURRENT_PROJECT_VERSION = 1;
				DEVELOPMENT_TEAM = 575PRHZ9KY;
				GENERATE_INFOPLIST_FILE = YES;
				MARKETING_VERSION = 1.0;
				PRODUCT_BUNDLE_IDENTIFIER = com.songyuanliu.ARchitectUITests;
				PRODUCT_NAME = "$(TARGET_NAME)";
				SWIFT_EMIT_LOC_STRINGS = NO;
				SWIFT_VERSION = 5.0;
				TARGETED_DEVICE_FAMILY = "1,2";
				TEST_TARGET_NAME = ARchitect;
			};
			name = Release;
		};
/* End XCBuildConfiguration section */

/* Begin XCConfigurationList section */
		7F5A3D662D52A675007BB24F /* Build configuration list for PBXProject "ARchitect" */ = {
			isa = XCConfigurationList;
			buildConfigurations = (
				7F5A3D8D2D52A677007BB24F /* Debug */,
				7F5A3D8E2D52A677007BB24F /* Release */,
			);
			defaultConfigurationIsVisible = 0;
			defaultConfigurationName = Release;
		};
		7F5A3D8F2D52A677007BB24F /* Build configuration list for PBXNativeTarget "ARchitect" */ = {
			isa = XCConfigurationList;
			buildConfigurations = (
				7F5A3D902D52A677007BB24F /* Debug */,
				7F5A3D912D52A677007BB24F /* Release */,
			);
			defaultConfigurationIsVisible = 0;
			defaultConfigurationName = Release;
		};
		7F5A3D922D52A677007BB24F /* Build configuration list for PBXNativeTarget "ARchitectTests" */ = {
			isa = XCConfigurationList;
			buildConfigurations = (
				7F5A3D932D52A677007BB24F /* Debug */,
				7F5A3D942D52A677007BB24F /* Release */,
			);
			defaultConfigurationIsVisible = 0;
			defaultConfigurationName = Release;
		};
		7F5A3D952D52A677007BB24F /* Build configuration list for PBXNativeTarget "ARchitectUITests" */ = {
			isa = XCConfigurationList;
			buildConfigurations = (
				7F5A3D962D52A677007BB24F /* Debug */,
				7F5A3D972D52A677007BB24F /* Release */,
			);
			defaultConfigurationIsVisible = 0;
			defaultConfigurationName = Release;
		};
/* End XCConfigurationList section */

/* Begin XCRemoteSwiftPackageReference section */
		5BA3BBBB2D5E6CCC008D197B /* XCRemoteSwiftPackageReference "firebase-ios-sdk" */ = {
			isa = XCRemoteSwiftPackageReference;
			repositoryURL = "https://github.com/firebase/firebase-ios-sdk";
			requirement = {
				kind = upToNextMajorVersion;
				minimumVersion = 11.8.1;
			};
		};
/* End XCRemoteSwiftPackageReference section */

/* Begin XCSwiftPackageProductDependency section */
		5BA3BBBC2D5E6CCC008D197B /* FirebaseAnalytics */ = {
			isa = XCSwiftPackageProductDependency;
			package = 5BA3BBBB2D5E6CCC008D197B /* XCRemoteSwiftPackageReference "firebase-ios-sdk" */;
			productName = FirebaseAnalytics;
		};
		5BA3BBBE2D5E6CCC008D197B /* FirebaseAnalyticsOnDeviceConversion */ = {
			isa = XCSwiftPackageProductDependency;
			package = 5BA3BBBB2D5E6CCC008D197B /* XCRemoteSwiftPackageReference "firebase-ios-sdk" */;
			productName = FirebaseAnalyticsOnDeviceConversion;
		};
		5BA3BBC02D5E6CCC008D197B /* FirebaseAnalyticsWithoutAdIdSupport */ = {
			isa = XCSwiftPackageProductDependency;
			package = 5BA3BBBB2D5E6CCC008D197B /* XCRemoteSwiftPackageReference "firebase-ios-sdk" */;
			productName = FirebaseAnalyticsWithoutAdIdSupport;
		};
		5BA3BBC22D5E6CCC008D197B /* FirebaseAppCheck */ = {
			isa = XCSwiftPackageProductDependency;
			package = 5BA3BBBB2D5E6CCC008D197B /* XCRemoteSwiftPackageReference "firebase-ios-sdk" */;
			productName = FirebaseAppCheck;
		};
		5BA3BBC42D5E6CCC008D197B /* FirebaseAppDistribution-Beta */ = {
			isa = XCSwiftPackageProductDependency;
			package = 5BA3BBBB2D5E6CCC008D197B /* XCRemoteSwiftPackageReference "firebase-ios-sdk" */;
			productName = "FirebaseAppDistribution-Beta";
		};
		5BA3BBC62D5E6CCC008D197B /* FirebaseAuth */ = {
			isa = XCSwiftPackageProductDependency;
			package = 5BA3BBBB2D5E6CCC008D197B /* XCRemoteSwiftPackageReference "firebase-ios-sdk" */;
			productName = FirebaseAuth;
		};
		5BA3BBC82D5E6CCC008D197B /* FirebaseAuthCombine-Community */ = {
			isa = XCSwiftPackageProductDependency;
			package = 5BA3BBBB2D5E6CCC008D197B /* XCRemoteSwiftPackageReference "firebase-ios-sdk" */;
			productName = "FirebaseAuthCombine-Community";
		};
		5BA3BBCA2D5E6CCC008D197B /* FirebaseCore */ = {
			isa = XCSwiftPackageProductDependency;
			package = 5BA3BBBB2D5E6CCC008D197B /* XCRemoteSwiftPackageReference "firebase-ios-sdk" */;
			productName = FirebaseCore;
		};
		5BA3BBCC2D5E6CCC008D197B /* FirebaseCrashlytics */ = {
			isa = XCSwiftPackageProductDependency;
			package = 5BA3BBBB2D5E6CCC008D197B /* XCRemoteSwiftPackageReference "firebase-ios-sdk" */;
			productName = FirebaseCrashlytics;
		};
		5BA3BBCE2D5E6CCC008D197B /* FirebaseDatabase */ = {
			isa = XCSwiftPackageProductDependency;
			package = 5BA3BBBB2D5E6CCC008D197B /* XCRemoteSwiftPackageReference "firebase-ios-sdk" */;
			productName = FirebaseDatabase;
		};
		5BA3BBD02D5E6CCC008D197B /* FirebaseDynamicLinks */ = {
			isa = XCSwiftPackageProductDependency;
			package = 5BA3BBBB2D5E6CCC008D197B /* XCRemoteSwiftPackageReference "firebase-ios-sdk" */;
			productName = FirebaseDynamicLinks;
		};
		5BA3BBD22D5E6CCC008D197B /* FirebaseFirestore */ = {
			isa = XCSwiftPackageProductDependency;
			package = 5BA3BBBB2D5E6CCC008D197B /* XCRemoteSwiftPackageReference "firebase-ios-sdk" */;
			productName = FirebaseFirestore;
		};
		5BA3BBD42D5E6CCC008D197B /* FirebaseFirestoreCombine-Community */ = {
			isa = XCSwiftPackageProductDependency;
			package = 5BA3BBBB2D5E6CCC008D197B /* XCRemoteSwiftPackageReference "firebase-ios-sdk" */;
			productName = "FirebaseFirestoreCombine-Community";
		};
		5BA3BBD62D5E6CCC008D197B /* FirebaseFunctions */ = {
			isa = XCSwiftPackageProductDependency;
			package = 5BA3BBBB2D5E6CCC008D197B /* XCRemoteSwiftPackageReference "firebase-ios-sdk" */;
			productName = FirebaseFunctions;
		};
		5BA3BBD82D5E6CCC008D197B /* FirebaseFunctionsCombine-Community */ = {
			isa = XCSwiftPackageProductDependency;
			package = 5BA3BBBB2D5E6CCC008D197B /* XCRemoteSwiftPackageReference "firebase-ios-sdk" */;
			productName = "FirebaseFunctionsCombine-Community";
		};
		5BA3BBDA2D5E6CCC008D197B /* FirebaseInAppMessaging-Beta */ = {
			isa = XCSwiftPackageProductDependency;
			package = 5BA3BBBB2D5E6CCC008D197B /* XCRemoteSwiftPackageReference "firebase-ios-sdk" */;
			productName = "FirebaseInAppMessaging-Beta";
		};
		5BA3BBDC2D5E6CCC008D197B /* FirebaseInstallations */ = {
			isa = XCSwiftPackageProductDependency;
			package = 5BA3BBBB2D5E6CCC008D197B /* XCRemoteSwiftPackageReference "firebase-ios-sdk" */;
			productName = FirebaseInstallations;
		};
		5BA3BBDE2D5E6CCC008D197B /* FirebaseMLModelDownloader */ = {
			isa = XCSwiftPackageProductDependency;
			package = 5BA3BBBB2D5E6CCC008D197B /* XCRemoteSwiftPackageReference "firebase-ios-sdk" */;
			productName = FirebaseMLModelDownloader;
		};
		5BA3BBE02D5E6CCC008D197B /* FirebaseMessaging */ = {
			isa = XCSwiftPackageProductDependency;
			package = 5BA3BBBB2D5E6CCC008D197B /* XCRemoteSwiftPackageReference "firebase-ios-sdk" */;
			productName = FirebaseMessaging;
		};
		5BA3BBE22D5E6CCC008D197B /* FirebasePerformance */ = {
			isa = XCSwiftPackageProductDependency;
			package = 5BA3BBBB2D5E6CCC008D197B /* XCRemoteSwiftPackageReference "firebase-ios-sdk" */;
			productName = FirebasePerformance;
		};
		5BA3BBE42D5E6CCC008D197B /* FirebaseRemoteConfig */ = {
			isa = XCSwiftPackageProductDependency;
			package = 5BA3BBBB2D5E6CCC008D197B /* XCRemoteSwiftPackageReference "firebase-ios-sdk" */;
			productName = FirebaseRemoteConfig;
		};
		5BA3BBE62D5E6CCC008D197B /* FirebaseStorage */ = {
			isa = XCSwiftPackageProductDependency;
			package = 5BA3BBBB2D5E6CCC008D197B /* XCRemoteSwiftPackageReference "firebase-ios-sdk" */;
			productName = FirebaseStorage;
		};
		5BA3BBE82D5E6CCC008D197B /* FirebaseStorageCombine-Community */ = {
			isa = XCSwiftPackageProductDependency;
			package = 5BA3BBBB2D5E6CCC008D197B /* XCRemoteSwiftPackageReference "firebase-ios-sdk" */;
			productName = "FirebaseStorageCombine-Community";
		};
		5BA3BBEA2D5E6CCC008D197B /* FirebaseVertexAI */ = {
			isa = XCSwiftPackageProductDependency;
			package = 5BA3BBBB2D5E6CCC008D197B /* XCRemoteSwiftPackageReference "firebase-ios-sdk" */;
			productName = FirebaseVertexAI;
		};
/* End XCSwiftPackageProductDependency section */
	};
	rootObject = 7F5A3D632D52A675007BB24F /* Project object */;
}
